
Microsoft Visual Studio Solution File, Format Version 12.00
# Visual Studio Version 17
VisualStudioVersion = 17.3.32901.215
MinimumVisualStudioVersion = 10.0.40219.1
Project("{FAE04EC0-301F-11D3-BF4B-00C04F79EFBC}") = "Secim_Api", "Secim_Api\Secim_Api.csproj", "{2013954E-0EA0-4269-BD21-EE6A3A2A490E}"
EndProject
Global
	GlobalSection(SolutionConfigurationPlatforms) = preSolution
		Debug|Any CPU = Debug|Any CPU
		Release|Any CPU = Release|Any CPU
	EndGlobalSection
	GlobalSection(ProjectConfigurationPlatforms) = postSolution
		{2013954E-0EA0-4269-BD21-EE6A3A2A490E}.Debug|Any CPU.ActiveCfg = Debug|Any CPU
		{2013954E-0EA0-4269-BD21-EE6A3A2A490E}.Debug|Any CPU.Build.0 = Debug|Any CPU
		{2013954E-0EA0-4269-BD21-EE6A3A2A490E}.Release|Any CPU.ActiveCfg = Release|Any CPU
		{2013954E-0EA0-4269-BD21-EE6A3A2A490E}.Release|Any CPU.Build.0 = Release|Any CPU
	EndGlobalSection
	GlobalSection(SolutionProperties) = preSolution
		HideSolutionNode = FALSE
	EndGlobalSection
	GlobalSection(ExtensibilityGlobals) = postSolution
		SolutionGuid = {3F15DE7D-A751-41FD-9837-0F979332F2C3}
	EndGlobalSection
EndGlobal
